
Microsoft Visual Studio Solution File, Format Version 12.00
# Visual Studio Version 16
VisualStudioVersion = 16.0.30717.126
MinimumVisualStudioVersion = 10.0.40219.1
Project("{FAE04EC0-301F-11D3-BF4B-00C04F79EFBC}") = "OOPLearn", "OOPLearn\OOPLearn.csproj", "{2E776F75-1936-48F2-AEC3-57DB7A9606C6}"
EndProject
Global
	GlobalSection(SolutionConfigurationPlatforms) = preSolution
		Debug|Any CPU = Debug|Any CPU
		Release|Any CPU = Release|Any CPU
	EndGlobalSection
	GlobalSection(ProjectConfigurationPlatforms) = postSolution
		{2E776F75-1936-48F2-AEC3-57DB7A9606C6}.Debug|Any CPU.ActiveCfg = Debug|Any CPU
		{2E776F75-1936-48F2-AEC3-57DB7A9606C6}.Debug|Any CPU.Build.0 = Debug|Any CPU
		{2E776F75-1936-48F2-AEC3-57DB7A9606C6}.Release|Any CPU.ActiveCfg = Release|Any CPU
		{2E776F75-1936-48F2-AEC3-57DB7A9606C6}.Release|Any CPU.Build.0 = Release|Any CPU
	EndGlobalSection
	GlobalSection(SolutionProperties) = preSolution
		HideSolutionNode = FALSE
	EndGlobalSection
	GlobalSection(ExtensibilityGlobals) = postSolution
		SolutionGuid = {3AFD4035-D180-48B1-979C-65325C166D75}
	EndGlobalSection
EndGlobal
